
Microsoft Visual Studio Solution File, Format Version 12.00
# Visual Studio Version 16
VisualStudioVersion = 16.0.31129.286
MinimumVisualStudioVersion = 10.0.40219.1
Project("{FAE04EC0-301F-11D3-BF4B-00C04F79EFBC}") = "DAC.UI.TestSuite", "DAC.UI.TestSuite\DAC.UI.TestSuite.csproj", "{628098C1-82B3-4ABA-928B-5AC4D54FF483}"
EndProject
Global
	GlobalSection(SolutionConfigurationPlatforms) = preSolution
		Debug|Any CPU = Debug|Any CPU
		Release|Any CPU = Release|Any CPU
	EndGlobalSection
	GlobalSection(ProjectConfigurationPlatforms) = postSolution
		{628098C1-82B3-4ABA-928B-5AC4D54FF483}.Debug|Any CPU.ActiveCfg = Debug|Any CPU
		{628098C1-82B3-4ABA-928B-5AC4D54FF483}.Debug|Any CPU.Build.0 = Debug|Any CPU
		{628098C1-82B3-4ABA-928B-5AC4D54FF483}.Release|Any CPU.ActiveCfg = Release|Any CPU
		{628098C1-82B3-4ABA-928B-5AC4D54FF483}.Release|Any CPU.Build.0 = Release|Any CPU
	EndGlobalSection
	GlobalSection(SolutionProperties) = preSolution
		HideSolutionNode = FALSE
	EndGlobalSection
	GlobalSection(ExtensibilityGlobals) = postSolution
		SolutionGuid = {2B04D377-69A1-44E1-8C32-B150D43DA743}
	EndGlobalSection
EndGlobal
